
Microsoft Visual Studio Solution File, Format Version 12.00
# Visual Studio Version 17
VisualStudioVersion = 17.5.002.0
MinimumVisualStudioVersion = 10.0.40219.1
Project("{9A19103F-16F7-4668-BE54-9A1E7A4F7556}") = "Exercício 1", "Exercício 1.csproj", "{8013FAF9-053C-4F58-B9DE-018716151DFE}"
EndProject
Global
	GlobalSection(SolutionConfigurationPlatforms) = preSolution
		Debug|Any CPU = Debug|Any CPU
		Release|Any CPU = Release|Any CPU
	EndGlobalSection
	GlobalSection(ProjectConfigurationPlatforms) = postSolution
		{8013FAF9-053C-4F58-B9DE-018716151DFE}.Debug|Any CPU.ActiveCfg = Debug|Any CPU
		{8013FAF9-053C-4F58-B9DE-018716151DFE}.Debug|Any CPU.Build.0 = Debug|Any CPU
		{8013FAF9-053C-4F58-B9DE-018716151DFE}.Release|Any CPU.ActiveCfg = Release|Any CPU
		{8013FAF9-053C-4F58-B9DE-018716151DFE}.Release|Any CPU.Build.0 = Release|Any CPU
	EndGlobalSection
	GlobalSection(SolutionProperties) = preSolution
		HideSolutionNode = FALSE
	EndGlobalSection
	GlobalSection(ExtensibilityGlobals) = postSolution
		SolutionGuid = {1D441279-7A5B-4C01-8B20-9194A07199FB}
	EndGlobalSection
EndGlobal
