
Microsoft Visual Studio Solution File, Format Version 12.00
# Visual Studio Version 17
VisualStudioVersion = 17.5.002.0
MinimumVisualStudioVersion = 10.0.40219.1
Project("{9A19103F-16F7-4668-BE54-9A1E7A4F7556}") = "Exercício 04", "Exercício 04.csproj", "{9ED1EAC3-C7D5-47AC-AE89-A8BCC5BA2A16}"
EndProject
Global
	GlobalSection(SolutionConfigurationPlatforms) = preSolution
		Debug|Any CPU = Debug|Any CPU
		Release|Any CPU = Release|Any CPU
	EndGlobalSection
	GlobalSection(ProjectConfigurationPlatforms) = postSolution
		{9ED1EAC3-C7D5-47AC-AE89-A8BCC5BA2A16}.Debug|Any CPU.ActiveCfg = Debug|Any CPU
		{9ED1EAC3-C7D5-47AC-AE89-A8BCC5BA2A16}.Debug|Any CPU.Build.0 = Debug|Any CPU
		{9ED1EAC3-C7D5-47AC-AE89-A8BCC5BA2A16}.Release|Any CPU.ActiveCfg = Release|Any CPU
		{9ED1EAC3-C7D5-47AC-AE89-A8BCC5BA2A16}.Release|Any CPU.Build.0 = Release|Any CPU
	EndGlobalSection
	GlobalSection(SolutionProperties) = preSolution
		HideSolutionNode = FALSE
	EndGlobalSection
	GlobalSection(ExtensibilityGlobals) = postSolution
		SolutionGuid = {16CCF7BA-8604-4498-A1FA-895715B3F5C1}
	EndGlobalSection
EndGlobal
