
Microsoft Visual Studio Solution File, Format Version 12.00
# Visual Studio Version 17
VisualStudioVersion = 17.5.002.0
MinimumVisualStudioVersion = 10.0.40219.1
Project("{9A19103F-16F7-4668-BE54-9A1E7A4F7556}") = "Exercício 05", "Exercício 05.csproj", "{45C3BAFC-7C6B-4434-8176-6CF66BB1D14A}"
EndProject
Global
	GlobalSection(SolutionConfigurationPlatforms) = preSolution
		Debug|Any CPU = Debug|Any CPU
		Release|Any CPU = Release|Any CPU
	EndGlobalSection
	GlobalSection(ProjectConfigurationPlatforms) = postSolution
		{45C3BAFC-7C6B-4434-8176-6CF66BB1D14A}.Debug|Any CPU.ActiveCfg = Debug|Any CPU
		{45C3BAFC-7C6B-4434-8176-6CF66BB1D14A}.Debug|Any CPU.Build.0 = Debug|Any CPU
		{45C3BAFC-7C6B-4434-8176-6CF66BB1D14A}.Release|Any CPU.ActiveCfg = Release|Any CPU
		{45C3BAFC-7C6B-4434-8176-6CF66BB1D14A}.Release|Any CPU.Build.0 = Release|Any CPU
	EndGlobalSection
	GlobalSection(SolutionProperties) = preSolution
		HideSolutionNode = FALSE
	EndGlobalSection
	GlobalSection(ExtensibilityGlobals) = postSolution
		SolutionGuid = {0BC29B7A-AC6C-4BF9-9711-E92E60636ED4}
	EndGlobalSection
EndGlobal
