
Microsoft Visual Studio Solution File, Format Version 12.00
# Visual Studio Version 17
VisualStudioVersion = 17.5.002.0
MinimumVisualStudioVersion = 10.0.40219.1
Project("{9A19103F-16F7-4668-BE54-9A1E7A4F7556}") = "Exercício 03", "Exercício 03.csproj", "{77047804-57CF-443C-87DC-37209042CF17}"
EndProject
Global
	GlobalSection(SolutionConfigurationPlatforms) = preSolution
		Debug|Any CPU = Debug|Any CPU
		Release|Any CPU = Release|Any CPU
	EndGlobalSection
	GlobalSection(ProjectConfigurationPlatforms) = postSolution
		{77047804-57CF-443C-87DC-37209042CF17}.Debug|Any CPU.ActiveCfg = Debug|Any CPU
		{77047804-57CF-443C-87DC-37209042CF17}.Debug|Any CPU.Build.0 = Debug|Any CPU
		{77047804-57CF-443C-87DC-37209042CF17}.Release|Any CPU.ActiveCfg = Release|Any CPU
		{77047804-57CF-443C-87DC-37209042CF17}.Release|Any CPU.Build.0 = Release|Any CPU
	EndGlobalSection
	GlobalSection(SolutionProperties) = preSolution
		HideSolutionNode = FALSE
	EndGlobalSection
	GlobalSection(ExtensibilityGlobals) = postSolution
		SolutionGuid = {08748F48-6448-45AA-9A53-25442C74E949}
	EndGlobalSection
EndGlobal
